
Microsoft Visual Studio Solution File, Format Version 12.00
# Visual Studio 15
VisualStudioVersion = 15.0.28307.1082
MinimumVisualStudioVersion = 10.0.40219.1
Project("{FAE04EC0-301F-11D3-BF4B-00C04F79EFBC}") = "ExamRoom_Test", "ExamRoom_Test\ExamRoom_Test.csproj", "{BA47A05B-59B3-446B-80F8-AAF5756D7CEE}"
EndProject
Project("{FAE04EC0-301F-11D3-BF4B-00C04F79EFBC}") = "ExamRoom_Test.Tests", "ExamRoom_Test.Tests\ExamRoom_Test.Tests.csproj", "{C2AD632D-3620-4929-B4BA-7B9FE8C1A13D}"
EndProject
Project("{FAE04EC0-301F-11D3-BF4B-00C04F79EFBC}") = "EmployeeManagementRepo", "EmployeeManagementRepo\EmployeeManagementRepo.csproj", "{93BF9D43-749E-43EB-A1A8-4E3E28BA75BB}"
EndProject
Project("{FAE04EC0-301F-11D3-BF4B-00C04F79EFBC}") = "EmployeeManagement", "EmployeeManagement\EmployeeManagement.csproj", "{E51BEEDE-1966-40E9-ACCD-A5F100897C0C}"
EndProject
Project("{FAE04EC0-301F-11D3-BF4B-00C04F79EFBC}") = "EmployeeManagementRepo.Test", "EmployeeManagementRepo.Test\EmployeeManagementRepo.Test.csproj", "{E3205ED1-1A73-4A93-B6EC-4139F5A86ED2}"
EndProject
Global
	GlobalSection(SolutionConfigurationPlatforms) = preSolution
		Debug|Any CPU = Debug|Any CPU
		Release|Any CPU = Release|Any CPU
	EndGlobalSection
	GlobalSection(ProjectConfigurationPlatforms) = postSolution
		{BA47A05B-59B3-446B-80F8-AAF5756D7CEE}.Debug|Any CPU.ActiveCfg = Debug|Any CPU
		{BA47A05B-59B3-446B-80F8-AAF5756D7CEE}.Debug|Any CPU.Build.0 = Debug|Any CPU
		{BA47A05B-59B3-446B-80F8-AAF5756D7CEE}.Release|Any CPU.ActiveCfg = Release|Any CPU
		{BA47A05B-59B3-446B-80F8-AAF5756D7CEE}.Release|Any CPU.Build.0 = Release|Any CPU
		{C2AD632D-3620-4929-B4BA-7B9FE8C1A13D}.Debug|Any CPU.ActiveCfg = Debug|Any CPU
		{C2AD632D-3620-4929-B4BA-7B9FE8C1A13D}.Debug|Any CPU.Build.0 = Debug|Any CPU
		{C2AD632D-3620-4929-B4BA-7B9FE8C1A13D}.Release|Any CPU.ActiveCfg = Release|Any CPU
		{C2AD632D-3620-4929-B4BA-7B9FE8C1A13D}.Release|Any CPU.Build.0 = Release|Any CPU
		{93BF9D43-749E-43EB-A1A8-4E3E28BA75BB}.Debug|Any CPU.ActiveCfg = Debug|Any CPU
		{93BF9D43-749E-43EB-A1A8-4E3E28BA75BB}.Debug|Any CPU.Build.0 = Debug|Any CPU
		{93BF9D43-749E-43EB-A1A8-4E3E28BA75BB}.Release|Any CPU.ActiveCfg = Release|Any CPU
		{93BF9D43-749E-43EB-A1A8-4E3E28BA75BB}.Release|Any CPU.Build.0 = Release|Any CPU
		{E51BEEDE-1966-40E9-ACCD-A5F100897C0C}.Debug|Any CPU.ActiveCfg = Debug|Any CPU
		{E51BEEDE-1966-40E9-ACCD-A5F100897C0C}.Debug|Any CPU.Build.0 = Debug|Any CPU
		{E51BEEDE-1966-40E9-ACCD-A5F100897C0C}.Release|Any CPU.ActiveCfg = Release|Any CPU
		{E51BEEDE-1966-40E9-ACCD-A5F100897C0C}.Release|Any CPU.Build.0 = Release|Any CPU
		{E3205ED1-1A73-4A93-B6EC-4139F5A86ED2}.Debug|Any CPU.ActiveCfg = Debug|Any CPU
		{E3205ED1-1A73-4A93-B6EC-4139F5A86ED2}.Debug|Any CPU.Build.0 = Debug|Any CPU
		{E3205ED1-1A73-4A93-B6EC-4139F5A86ED2}.Release|Any CPU.ActiveCfg = Release|Any CPU
		{E3205ED1-1A73-4A93-B6EC-4139F5A86ED2}.Release|Any CPU.Build.0 = Release|Any CPU
	EndGlobalSection
	GlobalSection(SolutionProperties) = preSolution
		HideSolutionNode = FALSE
	EndGlobalSection
	GlobalSection(ExtensibilityGlobals) = postSolution
		SolutionGuid = {4F361DC6-8ECB-419B-A83A-EC3CDEA47F65}
	EndGlobalSection
EndGlobal
